
Microsoft Visual Studio Solution File, Format Version 12.00
# Visual Studio Version 16
VisualStudioVersion = 16.0.30002.166
MinimumVisualStudioVersion = 10.0.40219.1
Project("{FAE04EC0-301F-11D3-BF4B-00C04F79EFBC}") = "ValidationEngineConsole", ".\ValidationEngineConsole\ValidationEngineConsole.csproj", "{2BBA875B-9DA1-4799-9A6A-7D3E92193635}"
EndProject
Project("{FAE04EC0-301F-11D3-BF4B-00C04F79EFBC}") = "ValidationEngine", ".\ValidationEngine\ValidationEngine.csproj", "{6F494E65-95D8-424F-9A5B-27BFEA1DD076}"
EndProject
Global
	GlobalSection(SolutionConfigurationPlatforms) = preSolution
		Debug|Any CPU = Debug|Any CPU
		Release|Any CPU = Release|Any CPU
	EndGlobalSection
	GlobalSection(ProjectConfigurationPlatforms) = postSolution
		{2BBA875B-9DA1-4799-9A6A-7D3E92193635}.Debug|Any CPU.ActiveCfg = Debug|Any CPU
		{2BBA875B-9DA1-4799-9A6A-7D3E92193635}.Debug|Any CPU.Build.0 = Debug|Any CPU
		{2BBA875B-9DA1-4799-9A6A-7D3E92193635}.Release|Any CPU.ActiveCfg = Release|Any CPU
		{2BBA875B-9DA1-4799-9A6A-7D3E92193635}.Release|Any CPU.Build.0 = Release|Any CPU
		{6F494E65-95D8-424F-9A5B-27BFEA1DD076}.Debug|Any CPU.ActiveCfg = Debug|Any CPU
		{6F494E65-95D8-424F-9A5B-27BFEA1DD076}.Debug|Any CPU.Build.0 = Debug|Any CPU
		{6F494E65-95D8-424F-9A5B-27BFEA1DD076}.Release|Any CPU.ActiveCfg = Release|Any CPU
		{6F494E65-95D8-424F-9A5B-27BFEA1DD076}.Release|Any CPU.Build.0 = Release|Any CPU
	EndGlobalSection
	GlobalSection(SolutionProperties) = preSolution
		HideSolutionNode = FALSE
	EndGlobalSection
	GlobalSection(ExtensibilityGlobals) = postSolution
		SolutionGuid = {8D92F252-CB9C-42C1-8DF2-726C465BBA47}
	EndGlobalSection
EndGlobal
